{
  "name": "week1.2",
  "lockfileVersion": 3,
  "requires": true,
  "packages": {
    "": {
      "dependencies": {
        "cli-clear": "^1.0.4"
      }
    },
    "node_modules/cli-clear": {
      "version": "1.0.4",
      "resolved": "https://registry.npmjs.org/cli-clear/-/cli-clear-1.0.4.tgz",
      "integrity": "sha512-/WdwW67j4CO5PHQtd7+qisNNxHxbAcuq3s9T64pz3hiToFPHRpkv+3YdwOPKQlk8twroU76feyHmJHjJ0K2p6w==",
      "engines": {
        "node": ">= 0.8"
      }
    }
  }
}
